// !$*UTF8*$!
{
	archiveVersion = 1;
	classes = {
	};
	objectVersion = 46;
	objects = {

/* Begin PBXBuildFile section */
		550090891FC9C47100E9892F /* AxeMainWindowController.m in Sources */ = {isa = PBXBuildFile; fileRef = 550090881FC9C47100E9892F /* AxeMainWindowController.m */; };
		554F254D1FCC694000C87866 /* NSButton+Color.m in Sources */ = {isa = PBXBuildFile; fileRef = 554F254C1FCC694000C87866 /* NSButton+Color.m */; };
		554F25501FCC698D00C87866 /* NSView+Rect.m in Sources */ = {isa = PBXBuildFile; fileRef = 554F254F1FCC698D00C87866 /* NSView+Rect.m */; };
		55971CE91FE000520098A860 /* AxePopoverVC.m in Sources */ = {isa = PBXBuildFile; fileRef = 55971CE71FE000520098A860 /* AxePopoverVC.m */; };
		55971CEA1FE000520098A860 /* AxePopoverVC.xib in Resources */ = {isa = PBXBuildFile; fileRef = 55971CE81FE000520098A860 /* AxePopoverVC.xib */; };
		55FE69C51FC5CF9100138967 /* AxeAppDelegate.m in Sources */ = {isa = PBXBuildFile; fileRef = 55FE69C41FC5CF9100138967 /* AxeAppDelegate.m */; };
		55FE69C81FC5D2AB00138967 /* AxeClientConfig.m in Sources */ = {isa = PBXBuildFile; fileRef = 55FE69C71FC5D2AB00138967 /* AxeClientConfig.m */; };
		55FE69CD1FC5D4C800138967 /* NSColor+HexString.m in Sources */ = {isa = PBXBuildFile; fileRef = 55FE69CC1FC5D4C800138967 /* NSColor+HexString.m */; };
		55FE9B1A1FC324F9001AF2CE /* main.m in Sources */ = {isa = PBXBuildFile; fileRef = 55FE9B191FC324F9001AF2CE /* main.m */; };
		55FE9B1C1FC324F9001AF2CE /* Assets.xcassets in Resources */ = {isa = PBXBuildFile; fileRef = 55FE9B1B1FC324F9001AF2CE /* Assets.xcassets */; };
		55FE9B1F1FC324F9001AF2CE /* MainMenu.xib in Resources */ = {isa = PBXBuildFile; fileRef = 55FE9B1D1FC324F9001AF2CE /* MainMenu.xib */; };
/* End PBXBuildFile section */

/* Begin PBXFileReference section */
		550090871FC9C47100E9892F /* AxeMainWindowController.h */ = {isa = PBXFileReference; fileEncoding = 4; lastKnownFileType = sourcecode.c.h; path = AxeMainWindowController.h; sourceTree = "<group>"; };
		550090881FC9C47100E9892F /* AxeMainWindowController.m */ = {isa = PBXFileReference; fileEncoding = 4; lastKnownFileType = sourcecode.c.objc; path = AxeMainWindowController.m; sourceTree = "<group>"; };
		554F254B1FCC694000C87866 /* NSButton+Color.h */ = {isa = PBXFileReference; fileEncoding = 4; lastKnownFileType = sourcecode.c.h; path = "NSButton+Color.h"; sourceTree = "<group>"; };
		554F254C1FCC694000C87866 /* NSButton+Color.m */ = {isa = PBXFileReference; fileEncoding = 4; lastKnownFileType = sourcecode.c.objc; path = "NSButton+Color.m"; sourceTree = "<group>"; };
		554F254E1FCC698D00C87866 /* NSView+Rect.h */ = {isa = PBXFileReference; fileEncoding = 4; lastKnownFileType = sourcecode.c.h; path = "NSView+Rect.h"; sourceTree = "<group>"; };
		554F254F1FCC698D00C87866 /* NSView+Rect.m */ = {isa = PBXFileReference; fileEncoding = 4; lastKnownFileType = sourcecode.c.objc; path = "NSView+Rect.m"; sourceTree = "<group>"; };
		55971CE61FE000520098A860 /* AxePopoverVC.h */ = {isa = PBXFileReference; fileEncoding = 4; lastKnownFileType = sourcecode.c.h; path = AxePopoverVC.h; sourceTree = "<group>"; };
		55971CE71FE000520098A860 /* AxePopoverVC.m */ = {isa = PBXFileReference; fileEncoding = 4; lastKnownFileType = sourcecode.c.objc; path = AxePopoverVC.m; sourceTree = "<group>"; };
		55971CE81FE000520098A860 /* AxePopoverVC.xib */ = {isa = PBXFileReference; fileEncoding = 4; lastKnownFileType = file.xib; path = AxePopoverVC.xib; sourceTree = "<group>"; };
		55FE69C31FC5CF9100138967 /* AxeAppDelegate.h */ = {isa = PBXFileReference; fileEncoding = 4; lastKnownFileType = sourcecode.c.h; path = AxeAppDelegate.h; sourceTree = "<group>"; };
		55FE69C41FC5CF9100138967 /* AxeAppDelegate.m */ = {isa = PBXFileReference; fileEncoding = 4; lastKnownFileType = sourcecode.c.objc; path = AxeAppDelegate.m; sourceTree = "<group>"; };
		55FE69C61FC5D2AB00138967 /* AxeClientConfig.h */ = {isa = PBXFileReference; fileEncoding = 4; lastKnownFileType = sourcecode.c.h; path = AxeClientConfig.h; sourceTree = "<group>"; };
		55FE69C71FC5D2AB00138967 /* AxeClientConfig.m */ = {isa = PBXFileReference; fileEncoding = 4; lastKnownFileType = sourcecode.c.objc; path = AxeClientConfig.m; sourceTree = "<group>"; };
		55FE69CB1FC5D4C800138967 /* NSColor+HexString.h */ = {isa = PBXFileReference; fileEncoding = 4; lastKnownFileType = sourcecode.c.h; path = "NSColor+HexString.h"; sourceTree = "<group>"; };
		55FE69CC1FC5D4C800138967 /* NSColor+HexString.m */ = {isa = PBXFileReference; fileEncoding = 4; lastKnownFileType = sourcecode.c.objc; path = "NSColor+HexString.m"; sourceTree = "<group>"; };
		55FE69CF1FC5D57400138967 /* AxePrefixHeader.pch */ = {isa = PBXFileReference; lastKnownFileType = sourcecode.c.h; path = AxePrefixHeader.pch; sourceTree = "<group>"; };
		55FE9B121FC324F9001AF2CE /* AxeCalendarTool.app */ = {isa = PBXFileReference; explicitFileType = wrapper.application; includeInIndex = 0; path = AxeCalendarTool.app; sourceTree = BUILT_PRODUCTS_DIR; };
		55FE9B191FC324F9001AF2CE /* main.m */ = {isa = PBXFileReference; lastKnownFileType = sourcecode.c.objc; path = main.m; sourceTree = "<group>"; };
		55FE9B1B1FC324F9001AF2CE /* Assets.xcassets */ = {isa = PBXFileReference; lastKnownFileType = folder.assetcatalog; path = Assets.xcassets; sourceTree = "<group>"; };
		55FE9B1E1FC324F9001AF2CE /* Base */ = {isa = PBXFileReference; lastKnownFileType = file.xib; name = Base; path = Base.lproj/MainMenu.xib; sourceTree = "<group>"; };
		55FE9B201FC324F9001AF2CE /* Info.plist */ = {isa = PBXFileReference; lastKnownFileType = text.plist.xml; path = Info.plist; sourceTree = "<group>"; };
		E772C21A1FD23A3400659BB2 /* GlobalDefine.h */ = {isa = PBXFileReference; lastKnownFileType = sourcecode.c.h; path = GlobalDefine.h; sourceTree = "<group>"; };
/* End PBXFileReference section */

/* Begin PBXFrameworksBuildPhase section */
		55FE9B0F1FC324F9001AF2CE /* Frameworks */ = {
			isa = PBXFrameworksBuildPhase;
			buildActionMask = 2147483647;
			files = (
			);
			runOnlyForDeploymentPostprocessing = 0;
		};
/* End PBXFrameworksBuildPhase section */

/* Begin PBXGroup section */
		550090831FC9C32400E9892F /* MainWindow */ = {
			isa = PBXGroup;
			children = (
				550090871FC9C47100E9892F /* AxeMainWindowController.h */,
				550090881FC9C47100E9892F /* AxeMainWindowController.m */,
			);
			path = MainWindow;
			sourceTree = "<group>";
		};
		55971CE31FE000140098A860 /* Controller */ = {
			isa = PBXGroup;
			children = (
				55971CE61FE000520098A860 /* AxePopoverVC.h */,
				55971CE71FE000520098A860 /* AxePopoverVC.m */,
				55971CE81FE000520098A860 /* AxePopoverVC.xib */,
			);
			path = Controller;
			sourceTree = "<group>";
		};
		55971CE41FE000140098A860 /* Model */ = {
			isa = PBXGroup;
			children = (
			);
			path = Model;
			sourceTree = "<group>";
		};
		55971CE51FE000140098A860 /* View */ = {
			isa = PBXGroup;
			children = (
			);
			path = View;
			sourceTree = "<group>";
		};
		55FE69C01FC5CEF600138967 /* ClientConfig */ = {
			isa = PBXGroup;
			children = (
				55FE69C61FC5D2AB00138967 /* AxeClientConfig.h */,
				55FE69C71FC5D2AB00138967 /* AxeClientConfig.m */,
			);
			path = ClientConfig;
			sourceTree = "<group>";
		};
		55FE69C11FC5CF2B00138967 /* AxeCalendarTool */ = {
			isa = PBXGroup;
			children = (
				55971CE31FE000140098A860 /* Controller */,
				55971CE41FE000140098A860 /* Model */,
				55971CE51FE000140098A860 /* View */,
			);
			path = AxeCalendarTool;
			sourceTree = "<group>";
		};
		55FE69C21FC5CF9100138967 /* AppDelegate */ = {
			isa = PBXGroup;
			children = (
				55FE69C31FC5CF9100138967 /* AxeAppDelegate.h */,
				55FE69C41FC5CF9100138967 /* AxeAppDelegate.m */,
			);
			path = AppDelegate;
			sourceTree = "<group>";
		};
		55FE69CA1FC5D4A000138967 /* Category */ = {
			isa = PBXGroup;
			children = (
				554F254E1FCC698D00C87866 /* NSView+Rect.h */,
				554F254F1FCC698D00C87866 /* NSView+Rect.m */,
				554F254B1FCC694000C87866 /* NSButton+Color.h */,
				554F254C1FCC694000C87866 /* NSButton+Color.m */,
				55FE69CB1FC5D4C800138967 /* NSColor+HexString.h */,
				55FE69CC1FC5D4C800138967 /* NSColor+HexString.m */,
			);
			path = Category;
			sourceTree = "<group>";
		};
		55FE9B091FC324F9001AF2CE = {
			isa = PBXGroup;
			children = (
				55FE9B141FC324F9001AF2CE /* AxeCalendarTool */,
				55FE9B131FC324F9001AF2CE /* Products */,
			);
			sourceTree = "<group>";
		};
		55FE9B131FC324F9001AF2CE /* Products */ = {
			isa = PBXGroup;
			children = (
				55FE9B121FC324F9001AF2CE /* AxeCalendarTool.app */,
			);
			name = Products;
			sourceTree = "<group>";
		};
		55FE9B141FC324F9001AF2CE /* AxeCalendarTool */ = {
			isa = PBXGroup;
			children = (
				E772C2191FD2374400659BB2 /* Global */,
				550090831FC9C32400E9892F /* MainWindow */,
				55FE69CA1FC5D4A000138967 /* Category */,
				55FE69C21FC5CF9100138967 /* AppDelegate */,
				55FE69C11FC5CF2B00138967 /* AxeCalendarTool */,
				55FE69C01FC5CEF600138967 /* ClientConfig */,
				55FE9B1B1FC324F9001AF2CE /* Assets.xcassets */,
				55FE9B1D1FC324F9001AF2CE /* MainMenu.xib */,
				55FE9B201FC324F9001AF2CE /* Info.plist */,
				55FE9B181FC324F9001AF2CE /* Supporting Files */,
			);
			path = AxeCalendarTool;
			sourceTree = "<group>";
		};
		55FE9B181FC324F9001AF2CE /* Supporting Files */ = {
			isa = PBXGroup;
			children = (
				55FE9B191FC324F9001AF2CE /* main.m */,
				55FE69CF1FC5D57400138967 /* AxePrefixHeader.pch */,
			);
			name = "Supporting Files";
			sourceTree = "<group>";
		};
		E772C2191FD2374400659BB2 /* Global */ = {
			isa = PBXGroup;
			children = (
				E772C21A1FD23A3400659BB2 /* GlobalDefine.h */,
			);
			path = Global;
			sourceTree = "<group>";
		};
/* End PBXGroup section */

/* Begin PBXNativeTarget section */
		55FE9B111FC324F9001AF2CE /* AxeCalendarTool */ = {
			isa = PBXNativeTarget;
			buildConfigurationList = 55FE9B231FC324F9001AF2CE /* Build configuration list for PBXNativeTarget "AxeCalendarTool" */;
			buildPhases = (
				55FE9B0E1FC324F9001AF2CE /* Sources */,
				55FE9B0F1FC324F9001AF2CE /* Frameworks */,
				55FE9B101FC324F9001AF2CE /* Resources */,
			);
			buildRules = (
			);
			dependencies = (
			);
			name = AxeCalendarTool;
			productName = AxeCalendarTool;
			productReference = 55FE9B121FC324F9001AF2CE /* AxeCalendarTool.app */;
			productType = "com.apple.product-type.application";
		};
/* End PBXNativeTarget section */

/* Begin PBXProject section */
		55FE9B0A1FC324F9001AF2CE /* Project object */ = {
			isa = PBXProject;
			attributes = {
				LastUpgradeCheck = 0820;
				ORGANIZATIONNAME = GiantAxe;
				TargetAttributes = {
					55FE9B111FC324F9001AF2CE = {
						CreatedOnToolsVersion = 8.2.1;
						ProvisioningStyle = Automatic;
					};
				};
			};
			buildConfigurationList = 55FE9B0D1FC324F9001AF2CE /* Build configuration list for PBXProject "AxeCalendarTool" */;
			compatibilityVersion = "Xcode 3.2";
			developmentRegion = English;
			hasScannedForEncodings = 0;
			knownRegions = (
				en,
				Base,
			);
			mainGroup = 55FE9B091FC324F9001AF2CE;
			productRefGroup = 55FE9B131FC324F9001AF2CE /* Products */;
			projectDirPath = "";
			projectRoot = "";
			targets = (
				55FE9B111FC324F9001AF2CE /* AxeCalendarTool */,
			);
		};
/* End PBXProject section */

/* Begin PBXResourcesBuildPhase section */
		55FE9B101FC324F9001AF2CE /* Resources */ = {
			isa = PBXResourcesBuildPhase;
			buildActionMask = 2147483647;
			files = (
				55FE9B1C1FC324F9001AF2CE /* Assets.xcassets in Resources */,
				55971CEA1FE000520098A860 /* AxePopoverVC.xib in Resources */,
				55FE9B1F1FC324F9001AF2CE /* MainMenu.xib in Resources */,
			);
			runOnlyForDeploymentPostprocessing = 0;
		};
/* End PBXResourcesBuildPhase section */

/* Begin PBXSourcesBuildPhase section */
		55FE9B0E1FC324F9001AF2CE /* Sources */ = {
			isa = PBXSourcesBuildPhase;
			buildActionMask = 2147483647;
			files = (
				554F254D1FCC694000C87866 /* NSButton+Color.m in Sources */,
				55FE69C81FC5D2AB00138967 /* AxeClientConfig.m in Sources */,
				550090891FC9C47100E9892F /* AxeMainWindowController.m in Sources */,
				55971CE91FE000520098A860 /* AxePopoverVC.m in Sources */,
				55FE69CD1FC5D4C800138967 /* NSColor+HexString.m in Sources */,
				55FE9B1A1FC324F9001AF2CE /* main.m in Sources */,
				55FE69C51FC5CF9100138967 /* AxeAppDelegate.m in Sources */,
				554F25501FCC698D00C87866 /* NSView+Rect.m in Sources */,
			);
			runOnlyForDeploymentPostprocessing = 0;
		};
/* End PBXSourcesBuildPhase section */

/* Begin PBXVariantGroup section */
		55FE9B1D1FC324F9001AF2CE /* MainMenu.xib */ = {
			isa = PBXVariantGroup;
			children = (
				55FE9B1E1FC324F9001AF2CE /* Base */,
			);
			name = MainMenu.xib;
			sourceTree = "<group>";
		};
/* End PBXVariantGroup section */

/* Begin XCBuildConfiguration section */
		55FE9B211FC324F9001AF2CE /* Debug */ = {
			isa = XCBuildConfiguration;
			buildSettings = {
				ALWAYS_SEARCH_USER_PATHS = NO;
				CLANG_ANALYZER_NONNULL = YES;
				CLANG_CXX_LANGUAGE_STANDARD = "gnu++0x";
				CLANG_CXX_LIBRARY = "libc++";
				CLANG_ENABLE_MODULES = YES;
				CLANG_ENABLE_OBJC_ARC = YES;
				CLANG_WARN_BOOL_CONVERSION = YES;
				CLANG_WARN_CONSTANT_CONVERSION = YES;
				CLANG_WARN_DIRECT_OBJC_ISA_USAGE = YES_ERROR;
				CLANG_WARN_DOCUMENTATION_COMMENTS = YES;
				CLANG_WARN_EMPTY_BODY = YES;
				CLANG_WARN_ENUM_CONVERSION = YES;
				CLANG_WARN_INFINITE_RECURSION = YES;
				CLANG_WARN_INT_CONVERSION = YES;
				CLANG_WARN_OBJC_ROOT_CLASS = YES_ERROR;
				CLANG_WARN_SUSPICIOUS_MOVE = YES;
				CLANG_WARN_UNREACHABLE_CODE = YES;
				CLANG_WARN__DUPLICATE_METHOD_MATCH = YES;
				CODE_SIGN_IDENTITY = "-";
				COPY_PHASE_STRIP = NO;
				DEBUG_INFORMATION_FORMAT = dwarf;
				ENABLE_STRICT_OBJC_MSGSEND = YES;
				ENABLE_TESTABILITY = YES;
				GCC_C_LANGUAGE_STANDARD = gnu99;
				GCC_DYNAMIC_NO_PIC = NO;
				GCC_NO_COMMON_BLOCKS = YES;
				GCC_OPTIMIZATION_LEVEL = 0;
				GCC_PREPROCESSOR_DEFINITIONS = (
					"DEBUG=1",
					"$(inherited)",
				);
				GCC_WARN_64_TO_32_BIT_CONVERSION = YES;
				GCC_WARN_ABOUT_RETURN_TYPE = YES_ERROR;
				GCC_WARN_UNDECLARED_SELECTOR = YES;
				GCC_WARN_UNINITIALIZED_AUTOS = YES_AGGRESSIVE;
				GCC_WARN_UNUSED_FUNCTION = YES;
				GCC_WARN_UNUSED_VARIABLE = YES;
				MACOSX_DEPLOYMENT_TARGET = 10.11;
				MTL_ENABLE_DEBUG_INFO = YES;
				ONLY_ACTIVE_ARCH = YES;
				SDKROOT = macosx;
			};
			name = Debug;
		};
		55FE9B221FC324F9001AF2CE /* Release */ = {
			isa = XCBuildConfiguration;
			buildSettings = {
				ALWAYS_SEARCH_USER_PATHS = NO;
				CLANG_ANALYZER_NONNULL = YES;
				CLANG_CXX_LANGUAGE_STANDARD = "gnu++0x";
				CLANG_CXX_LIBRARY = "libc++";
				CLANG_ENABLE_MODULES = YES;
				CLANG_ENABLE_OBJC_ARC = YES;
				CLANG_WARN_BOOL_CONVERSION = YES;
				CLANG_WARN_CONSTANT_CONVERSION = YES;
				CLANG_WARN_DIRECT_OBJC_ISA_USAGE = YES_ERROR;
				CLANG_WARN_DOCUMENTATION_COMMENTS = YES;
				CLANG_WARN_EMPTY_BODY = YES;
				CLANG_WARN_ENUM_CONVERSION = YES;
				CLANG_WARN_INFINITE_RECURSION = YES;
				CLANG_WARN_INT_CONVERSION = YES;
				CLANG_WARN_OBJC_ROOT_CLASS = YES_ERROR;
				CLANG_WARN_SUSPICIOUS_MOVE = YES;
				CLANG_WARN_UNREACHABLE_CODE = YES;
				CLANG_WARN__DUPLICATE_METHOD_MATCH = YES;
				CODE_SIGN_IDENTITY = "-";
				COPY_PHASE_STRIP = NO;
				DEBUG_INFORMATION_FORMAT = "dwarf-with-dsym";
				ENABLE_NS_ASSERTIONS = NO;
				ENABLE_STRICT_OBJC_MSGSEND = YES;
				GCC_C_LANGUAGE_STANDARD = gnu99;
				GCC_NO_COMMON_BLOCKS = YES;
				GCC_WARN_64_TO_32_BIT_CONVERSION = YES;
				GCC_WARN_ABOUT_RETURN_TYPE = YES_ERROR;
				GCC_WARN_UNDECLARED_SELECTOR = YES;
				GCC_WARN_UNINITIALIZED_AUTOS = YES_AGGRESSIVE;
				GCC_WARN_UNUSED_FUNCTION = YES;
				GCC_WARN_UNUSED_VARIABLE = YES;
				MACOSX_DEPLOYMENT_TARGET = 10.11;
				MTL_ENABLE_DEBUG_INFO = NO;
				SDKROOT = macosx;
			};
			name = Release;
		};
		55FE9B241FC324F9001AF2CE /* Debug */ = {
			isa = XCBuildConfiguration;
			buildSettings = {
				ASSETCATALOG_COMPILER_APPICON_NAME = AppIcon;
				COMBINE_HIDPI_IMAGES = YES;
				GCC_PREFIX_HEADER = "$(PROJECT_DIR)/AxeCalendarTool/AxePrefixHeader.pch";
				INFOPLIST_FILE = AxeCalendarTool/Info.plist;
				LD_RUNPATH_SEARCH_PATHS = "$(inherited) @executable_path/../Frameworks";
				PRODUCT_BUNDLE_IDENTIFIER = com.helloworld.AxeCalendarTool;
				PRODUCT_NAME = "$(TARGET_NAME)";
			};
			name = Debug;
		};
		55FE9B251FC324F9001AF2CE /* Release */ = {
			isa = XCBuildConfiguration;
			buildSettings = {
				ASSETCATALOG_COMPILER_APPICON_NAME = AppIcon;
				COMBINE_HIDPI_IMAGES = YES;
				GCC_PREFIX_HEADER = "$(PROJECT_DIR)/AxeCalendarTool/AxePrefixHeader.pch";
				INFOPLIST_FILE = AxeCalendarTool/Info.plist;
				LD_RUNPATH_SEARCH_PATHS = "$(inherited) @executable_path/../Frameworks";
				PRODUCT_BUNDLE_IDENTIFIER = com.helloworld.AxeCalendarTool;
				PRODUCT_NAME = "$(TARGET_NAME)";
			};
			name = Release;
		};
/* End XCBuildConfiguration section */

/* Begin XCConfigurationList section */
		55FE9B0D1FC324F9001AF2CE /* Build configuration list for PBXProject "AxeCalendarTool" */ = {
			isa = XCConfigurationList;
			buildConfigurations = (
				55FE9B211FC324F9001AF2CE /* Debug */,
				55FE9B221FC324F9001AF2CE /* Release */,
			);
			defaultConfigurationIsVisible = 0;
			defaultConfigurationName = Release;
		};
		55FE9B231FC324F9001AF2CE /* Build configuration list for PBXNativeTarget "AxeCalendarTool" */ = {
			isa = XCConfigurationList;
			buildConfigurations = (
				55FE9B241FC324F9001AF2CE /* Debug */,
				55FE9B251FC324F9001AF2CE /* Release */,
			);
			defaultConfigurationIsVisible = 0;
			defaultConfigurationName = Release;
		};
/* End XCConfigurationList section */
	};
	rootObject = 55FE9B0A1FC324F9001AF2CE /* Project object */;
}
